// !$*UTF8*$!
{
	archiveVersion = 1;
	classes = {
	};
	objectVersion = 46;
	objects = {

/* Begin PBXBuildFile section */
		495BFD8B15CE13890035FCA9 /* UIKit.framework in Frameworks */ = {isa = PBXBuildFile; fileRef = 495BFD8A15CE13890035FCA9 /* UIKit.framework */; };
		495BFD8D15CE13890035FCA9 /* Foundation.framework in Frameworks */ = {isa = PBXBuildFile; fileRef = 495BFD8C15CE13890035FCA9 /* Foundation.framework */; };
		495BFD8F15CE13890035FCA9 /* CoreGraphics.framework in Frameworks */ = {isa = PBXBuildFile; fileRef = 495BFD8E15CE13890035FCA9 /* CoreGraphics.framework */; };
		495BFD9515CE13890035FCA9 /* InfoPlist.strings in Resources */ = {isa = PBXBuildFile; fileRef = 495BFD9315CE13890035FCA9 /* InfoPlist.strings */; };
		495BFD9715CE13890035FCA9 /* main.m in Sources */ = {isa = PBXBuildFile; fileRef = 495BFD9615CE13890035FCA9 /* main.m */; };
		495BFD9B15CE13890035FCA9 /* AppDelegate.m in Sources */ = {isa = PBXBuildFile; fileRef = 495BFD9A15CE13890035FCA9 /* AppDelegate.m */; };
		495BFD9E15CE13890035FCA9 /* MainStoryboard_iPhone.storyboard in Resources */ = {isa = PBXBuildFile; fileRef = 495BFD9C15CE13890035FCA9 /* MainStoryboard_iPhone.storyboard */; };
		495BFDA115CE13890035FCA9 /* MainStoryboard_iPad.storyboard in Resources */ = {isa = PBXBuildFile; fileRef = 495BFD9F15CE13890035FCA9 /* MainStoryboard_iPad.storyboard */; };
		495BFDA415CE13890035FCA9 /* FirstViewController.m in Sources */ = {isa = PBXBuildFile; fileRef = 495BFDA315CE13890035FCA9 /* FirstViewController.m */; };
		495BFDA615CE13890035FCA9 /* first.png in Resources */ = {isa = PBXBuildFile; fileRef = 495BFDA515CE13890035FCA9 /* first.png */; };
		495BFDA815CE13890035FCA9 /* first@2x.png in Resources */ = {isa = PBXBuildFile; fileRef = 495BFDA715CE13890035FCA9 /* first@2x.png */; };
		495BFDAB15CE13890035FCA9 /* SecondViewController.m in Sources */ = {isa = PBXBuildFile; fileRef = 495BFDAA15CE13890035FCA9 /* SecondViewController.m */; };
		495BFDAD15CE13890035FCA9 /* second.png in Resources */ = {isa = PBXBuildFile; fileRef = 495BFDAC15CE13890035FCA9 /* second.png */; };
		495BFDAF15CE13890035FCA9 /* second@2x.png in Resources */ = {isa = PBXBuildFile; fileRef = 495BFDAE15CE13890035FCA9 /* second@2x.png */; };
/* End PBXBuildFile section */

/* Begin PBXFileReference section */
		495BFD8615CE13890035FCA9 /* ClassPeek.app */ = {isa = PBXFileReference; explicitFileType = wrapper.application; includeInIndex = 0; path = ClassPeek.app; sourceTree = BUILT_PRODUCTS_DIR; };
		495BFD8A15CE13890035FCA9 /* UIKit.framework */ = {isa = PBXFileReference; lastKnownFileType = wrapper.framework; name = UIKit.framework; path = System/Library/Frameworks/UIKit.framework; sourceTree = SDKROOT; };
		495BFD8C15CE13890035FCA9 /* Foundation.framework */ = {isa = PBXFileReference; lastKnownFileType = wrapper.framework; name = Foundation.framework; path = System/Library/Frameworks/Foundation.framework; sourceTree = SDKROOT; };
		495BFD8E15CE13890035FCA9 /* CoreGraphics.framework */ = {isa = PBXFileReference; lastKnownFileType = wrapper.framework; name = CoreGraphics.framework; path = System/Library/Frameworks/CoreGraphics.framework; sourceTree = SDKROOT; };
		495BFD9215CE13890035FCA9 /* ClassPeek-Info.plist */ = {isa = PBXFileReference; lastKnownFileType = text.plist.xml; path = "ClassPeek-Info.plist"; sourceTree = "<group>"; };
		495BFD9415CE13890035FCA9 /* en */ = {isa = PBXFileReference; lastKnownFileType = text.plist.strings; name = en; path = en.lproj/InfoPlist.strings; sourceTree = "<group>"; };
		495BFD9615CE13890035FCA9 /* main.m */ = {isa = PBXFileReference; lastKnownFileType = sourcecode.c.objc; path = main.m; sourceTree = "<group>"; };
		495BFD9815CE13890035FCA9 /* ClassPeek-Prefix.pch */ = {isa = PBXFileReference; lastKnownFileType = sourcecode.c.h; path = "ClassPeek-Prefix.pch"; sourceTree = "<group>"; };
		495BFD9915CE13890035FCA9 /* AppDelegate.h */ = {isa = PBXFileReference; lastKnownFileType = sourcecode.c.h; path = AppDelegate.h; sourceTree = "<group>"; };
		495BFD9A15CE13890035FCA9 /* AppDelegate.m */ = {isa = PBXFileReference; lastKnownFileType = sourcecode.c.objc; path = AppDelegate.m; sourceTree = "<group>"; };
		495BFD9D15CE13890035FCA9 /* en */ = {isa = PBXFileReference; lastKnownFileType = file.storyboard; name = en; path = en.lproj/MainStoryboard_iPhone.storyboard; sourceTree = "<group>"; };
		495BFDA015CE13890035FCA9 /* en */ = {isa = PBXFileReference; lastKnownFileType = file.storyboard; name = en; path = en.lproj/MainStoryboard_iPad.storyboard; sourceTree = "<group>"; };
		495BFDA215CE13890035FCA9 /* FirstViewController.h */ = {isa = PBXFileReference; lastKnownFileType = sourcecode.c.h; path = FirstViewController.h; sourceTree = "<group>"; };
		495BFDA315CE13890035FCA9 /* FirstViewController.m */ = {isa = PBXFileReference; lastKnownFileType = sourcecode.c.objc; path = FirstViewController.m; sourceTree = "<group>"; };
		495BFDA515CE13890035FCA9 /* first.png */ = {isa = PBXFileReference; lastKnownFileType = image.png; path = first.png; sourceTree = "<group>"; };
		495BFDA715CE13890035FCA9 /* first@2x.png */ = {isa = PBXFileReference; lastKnownFileType = image.png; path = "first@2x.png"; sourceTree = "<group>"; };
		495BFDA915CE13890035FCA9 /* SecondViewController.h */ = {isa = PBXFileReference; lastKnownFileType = sourcecode.c.h; path = SecondViewController.h; sourceTree = "<group>"; };
		495BFDAA15CE13890035FCA9 /* SecondViewController.m */ = {isa = PBXFileReference; lastKnownFileType = sourcecode.c.objc; path = SecondViewController.m; sourceTree = "<group>"; };
		495BFDAC15CE13890035FCA9 /* second.png */ = {isa = PBXFileReference; lastKnownFileType = image.png; path = second.png; sourceTree = "<group>"; };
		495BFDAE15CE13890035FCA9 /* second@2x.png */ = {isa = PBXFileReference; lastKnownFileType = image.png; path = "second@2x.png"; sourceTree = "<group>"; };
/* End PBXFileReference section */

/* Begin PBXFrameworksBuildPhase section */
		495BFD8315CE13890035FCA9 /* Frameworks */ = {
			isa = PBXFrameworksBuildPhase;
			buildActionMask = 2147483647;
			files = (
				495BFD8B15CE13890035FCA9 /* UIKit.framework in Frameworks */,
				495BFD8D15CE13890035FCA9 /* Foundation.framework in Frameworks */,
				495BFD8F15CE13890035FCA9 /* CoreGraphics.framework in Frameworks */,
			);
			runOnlyForDeploymentPostprocessing = 0;
		};
/* End PBXFrameworksBuildPhase section */

/* Begin PBXGroup section */
		495BFD7B15CE13890035FCA9 = {
			isa = PBXGroup;
			children = (
				495BFD9015CE13890035FCA9 /* ClassPeek */,
				495BFD8915CE13890035FCA9 /* Frameworks */,
				495BFD8715CE13890035FCA9 /* Products */,
			);
			sourceTree = "<group>";
		};
		495BFD8715CE13890035FCA9 /* Products */ = {
			isa = PBXGroup;
			children = (
				495BFD8615CE13890035FCA9 /* ClassPeek.app */,
			);
			name = Products;
			sourceTree = "<group>";
		};
		495BFD8915CE13890035FCA9 /* Frameworks */ = {
			isa = PBXGroup;
			children = (
				495BFD8A15CE13890035FCA9 /* UIKit.framework */,
				495BFD8C15CE13890035FCA9 /* Foundation.framework */,
				495BFD8E15CE13890035FCA9 /* CoreGraphics.framework */,
			);
			name = Frameworks;
			sourceTree = "<group>";
		};
		495BFD9015CE13890035FCA9 /* ClassPeek */ = {
			isa = PBXGroup;
			children = (
				495BFD9915CE13890035FCA9 /* AppDelegate.h */,
				495BFD9A15CE13890035FCA9 /* AppDelegate.m */,
				495BFD9C15CE13890035FCA9 /* MainStoryboard_iPhone.storyboard */,
				495BFD9F15CE13890035FCA9 /* MainStoryboard_iPad.storyboard */,
				495BFDA215CE13890035FCA9 /* FirstViewController.h */,
				495BFDA315CE13890035FCA9 /* FirstViewController.m */,
				495BFDA515CE13890035FCA9 /* first.png */,
				495BFDA715CE13890035FCA9 /* first@2x.png */,
				495BFDA915CE13890035FCA9 /* SecondViewController.h */,
				495BFDAA15CE13890035FCA9 /* SecondViewController.m */,
				495BFDAC15CE13890035FCA9 /* second.png */,
				495BFDAE15CE13890035FCA9 /* second@2x.png */,
				495BFD9115CE13890035FCA9 /* Supporting Files */,
			);
			path = ClassPeek;
			sourceTree = "<group>";
		};
		495BFD9115CE13890035FCA9 /* Supporting Files */ = {
			isa = PBXGroup;
			children = (
				495BFD9215CE13890035FCA9 /* ClassPeek-Info.plist */,
				495BFD9315CE13890035FCA9 /* InfoPlist.strings */,
				495BFD9615CE13890035FCA9 /* main.m */,
				495BFD9815CE13890035FCA9 /* ClassPeek-Prefix.pch */,
			);
			name = "Supporting Files";
			sourceTree = "<group>";
		};
/* End PBXGroup section */

/* Begin PBXNativeTarget section */
		495BFD8515CE13890035FCA9 /* ClassPeek */ = {
			isa = PBXNativeTarget;
			buildConfigurationList = 495BFDB215CE13890035FCA9 /* Build configuration list for PBXNativeTarget "ClassPeek" */;
			buildPhases = (
				495BFD8215CE13890035FCA9 /* Sources */,
				495BFD8315CE13890035FCA9 /* Frameworks */,
				495BFD8415CE13890035FCA9 /* Resources */,
			);
			buildRules = (
			);
			dependencies = (
			);
			name = ClassPeek;
			productName = ClassPeek;
			productReference = 495BFD8615CE13890035FCA9 /* ClassPeek.app */;
			productType = "com.apple.product-type.application";
		};
/* End PBXNativeTarget section */

/* Begin PBXProject section */
		495BFD7D15CE13890035FCA9 /* Project object */ = {
			isa = PBXProject;
			attributes = {
				LastUpgradeCheck = 0430;
			};
			buildConfigurationList = 495BFD8015CE13890035FCA9 /* Build configuration list for PBXProject "ClassPeek" */;
			compatibilityVersion = "Xcode 3.2";
			developmentRegion = English;
			hasScannedForEncodings = 0;
			knownRegions = (
				en,
			);
			mainGroup = 495BFD7B15CE13890035FCA9;
			productRefGroup = 495BFD8715CE13890035FCA9 /* Products */;
			projectDirPath = "";
			projectRoot = "";
			targets = (
				495BFD8515CE13890035FCA9 /* ClassPeek */,
			);
		};
/* End PBXProject section */

/* Begin PBXResourcesBuildPhase section */
		495BFD8415CE13890035FCA9 /* Resources */ = {
			isa = PBXResourcesBuildPhase;
			buildActionMask = 2147483647;
			files = (
				495BFD9515CE13890035FCA9 /* InfoPlist.strings in Resources */,
				495BFD9E15CE13890035FCA9 /* MainStoryboard_iPhone.storyboard in Resources */,
				495BFDA115CE13890035FCA9 /* MainStoryboard_iPad.storyboard in Resources */,
				495BFDA615CE13890035FCA9 /* first.png in Resources */,
				495BFDA815CE13890035FCA9 /* first@2x.png in Resources */,
				495BFDAD15CE13890035FCA9 /* second.png in Resources */,
				495BFDAF15CE13890035FCA9 /* second@2x.png in Resources */,
			);
			runOnlyForDeploymentPostprocessing = 0;
		};
/* End PBXResourcesBuildPhase section */

/* Begin PBXSourcesBuildPhase section */
		495BFD8215CE13890035FCA9 /* Sources */ = {
			isa = PBXSourcesBuildPhase;
			buildActionMask = 2147483647;
			files = (
				495BFD9715CE13890035FCA9 /* main.m in Sources */,
				495BFD9B15CE13890035FCA9 /* AppDelegate.m in Sources */,
				495BFDA415CE13890035FCA9 /* FirstViewController.m in Sources */,
				495BFDAB15CE13890035FCA9 /* SecondViewController.m in Sources */,
			);
			runOnlyForDeploymentPostprocessing = 0;
		};
/* End PBXSourcesBuildPhase section */

/* Begin PBXVariantGroup section */
		495BFD9315CE13890035FCA9 /* InfoPlist.strings */ = {
			isa = PBXVariantGroup;
			children = (
				495BFD9415CE13890035FCA9 /* en */,
			);
			name = InfoPlist.strings;
			sourceTree = "<group>";
		};
		495BFD9C15CE13890035FCA9 /* MainStoryboard_iPhone.storyboard */ = {
			isa = PBXVariantGroup;
			children = (
				495BFD9D15CE13890035FCA9 /* en */,
			);
			name = MainStoryboard_iPhone.storyboard;
			sourceTree = "<group>";
		};
		495BFD9F15CE13890035FCA9 /* MainStoryboard_iPad.storyboard */ = {
			isa = PBXVariantGroup;
			children = (
				495BFDA015CE13890035FCA9 /* en */,
			);
			name = MainStoryboard_iPad.storyboard;
			sourceTree = "<group>";
		};
/* End PBXVariantGroup section */

/* Begin XCBuildConfiguration section */
		495BFDB015CE13890035FCA9 /* Debug */ = {
			isa = XCBuildConfiguration;
			buildSettings = {
				ALWAYS_SEARCH_USER_PATHS = NO;
				ARCHS = "$(ARCHS_STANDARD_32_BIT)";
				CLANG_ENABLE_OBJC_ARC = YES;
				"CODE_SIGN_IDENTITY[sdk=iphoneos*]" = "iPhone Developer";
				COPY_PHASE_STRIP = NO;
				GCC_C_LANGUAGE_STANDARD = gnu99;
				GCC_DYNAMIC_NO_PIC = NO;
				GCC_OPTIMIZATION_LEVEL = 0;
				GCC_PREPROCESSOR_DEFINITIONS = (
					"DEBUG=1",
					"$(inherited)",
				);
				GCC_SYMBOLS_PRIVATE_EXTERN = NO;
				GCC_VERSION = com.apple.compilers.llvm.clang.1_0;
				GCC_WARN_ABOUT_RETURN_TYPE = YES;
				GCC_WARN_UNINITIALIZED_AUTOS = YES;
				GCC_WARN_UNUSED_VARIABLE = YES;
				IPHONEOS_DEPLOYMENT_TARGET = 5.1;
				SDKROOT = iphoneos;
				TARGETED_DEVICE_FAMILY = "1,2";
			};
			name = Debug;
		};
		495BFDB115CE13890035FCA9 /* Release */ = {
			isa = XCBuildConfiguration;
			buildSettings = {
				ALWAYS_SEARCH_USER_PATHS = NO;
				ARCHS = "$(ARCHS_STANDARD_32_BIT)";
				CLANG_ENABLE_OBJC_ARC = YES;
				"CODE_SIGN_IDENTITY[sdk=iphoneos*]" = "iPhone Developer";
				COPY_PHASE_STRIP = YES;
				GCC_C_LANGUAGE_STANDARD = gnu99;
				GCC_VERSION = com.apple.compilers.llvm.clang.1_0;
				GCC_WARN_ABOUT_RETURN_TYPE = YES;
				GCC_WARN_UNINITIALIZED_AUTOS = YES;
				GCC_WARN_UNUSED_VARIABLE = YES;
				IPHONEOS_DEPLOYMENT_TARGET = 5.1;
				OTHER_CFLAGS = "-DNS_BLOCK_ASSERTIONS=1";
				SDKROOT = iphoneos;
				TARGETED_DEVICE_FAMILY = "1,2";
				VALIDATE_PRODUCT = YES;
			};
			name = Release;
		};
		495BFDB315CE13890035FCA9 /* Debug */ = {
			isa = XCBuildConfiguration;
			buildSettings = {
				GCC_PRECOMPILE_PREFIX_HEADER = YES;
				GCC_PREFIX_HEADER = "ClassPeek/ClassPeek-Prefix.pch";
				INFOPLIST_FILE = "ClassPeek/ClassPeek-Info.plist";
				PRODUCT_NAME = "$(TARGET_NAME)";
				WRAPPER_EXTENSION = app;
			};
			name = Debug;
		};
		495BFDB415CE13890035FCA9 /* Release */ = {
			isa = XCBuildConfiguration;
			buildSettings = {
				GCC_PRECOMPILE_PREFIX_HEADER = YES;
				GCC_PREFIX_HEADER = "ClassPeek/ClassPeek-Prefix.pch";
				INFOPLIST_FILE = "ClassPeek/ClassPeek-Info.plist";
				PRODUCT_NAME = "$(TARGET_NAME)";
				WRAPPER_EXTENSION = app;
			};
			name = Release;
		};
/* End XCBuildConfiguration section */

/* Begin XCConfigurationList section */
		495BFD8015CE13890035FCA9 /* Build configuration list for PBXProject "ClassPeek" */ = {
			isa = XCConfigurationList;
			buildConfigurations = (
				495BFDB015CE13890035FCA9 /* Debug */,
				495BFDB115CE13890035FCA9 /* Release */,
			);
			defaultConfigurationIsVisible = 0;
			defaultConfigurationName = Release;
		};
		495BFDB215CE13890035FCA9 /* Build configuration list for PBXNativeTarget "ClassPeek" */ = {
			isa = XCConfigurationList;
			buildConfigurations = (
				495BFDB315CE13890035FCA9 /* Debug */,
				495BFDB415CE13890035FCA9 /* Release */,
			);
			defaultConfigurationIsVisible = 0;
		};
/* End XCConfigurationList section */
	};
	rootObject = 495BFD7D15CE13890035FCA9 /* Project object */;
}
